
Microsoft Visual Studio Solution File, Format Version 12.00
# Visual Studio Version 16
VisualStudioVersion = 16.0.32602.291
MinimumVisualStudioVersion = 10.0.40219.1
Project("{FAE04EC0-301F-11D3-BF4B-00C04F79EFBC}") = "Ejercicio1MontesBrenda", "Ejercicio1MontesBrenda\Ejercicio1MontesBrenda.csproj", "{C81F88E6-9509-4EC2-8CF2-D0DD9863893B}"
EndProject
Global
	GlobalSection(SolutionConfigurationPlatforms) = preSolution
		Debug|Any CPU = Debug|Any CPU
		Release|Any CPU = Release|Any CPU
	EndGlobalSection
	GlobalSection(ProjectConfigurationPlatforms) = postSolution
		{C81F88E6-9509-4EC2-8CF2-D0DD9863893B}.Debug|Any CPU.ActiveCfg = Debug|Any CPU
		{C81F88E6-9509-4EC2-8CF2-D0DD9863893B}.Debug|Any CPU.Build.0 = Debug|Any CPU
		{C81F88E6-9509-4EC2-8CF2-D0DD9863893B}.Release|Any CPU.ActiveCfg = Release|Any CPU
		{C81F88E6-9509-4EC2-8CF2-D0DD9863893B}.Release|Any CPU.Build.0 = Release|Any CPU
	EndGlobalSection
	GlobalSection(SolutionProperties) = preSolution
		HideSolutionNode = FALSE
	EndGlobalSection
	GlobalSection(ExtensibilityGlobals) = postSolution
		SolutionGuid = {84F2764E-0A2C-4067-8FB6-C0FAA10402D9}
	EndGlobalSection
EndGlobal
